// !$*UTF8*$!
{
	archiveVersion = 1;
	classes = {
	};
	objectVersion = 50;
	objects = {

/* Begin PBXBuildFile section */
		D0A83D2A26538B2C00B9AF4E /* AppDelegate.swift in Sources */ = {isa = PBXBuildFile; fileRef = D0A83D2926538B2C00B9AF4E /* AppDelegate.swift */; };
		D0A83D2C26538B2C00B9AF4E /* SceneDelegate.swift in Sources */ = {isa = PBXBuildFile; fileRef = D0A83D2B26538B2C00B9AF4E /* SceneDelegate.swift */; };
		D0A83D3126538B2C00B9AF4E /* Main.storyboard in Resources */ = {isa = PBXBuildFile; fileRef = D0A83D2F26538B2C00B9AF4E /* Main.storyboard */; };
		D0A83D3326538B2D00B9AF4E /* Assets.xcassets in Resources */ = {isa = PBXBuildFile; fileRef = D0A83D3226538B2D00B9AF4E /* Assets.xcassets */; };
		D0A83D3626538B2D00B9AF4E /* LaunchScreen.storyboard in Resources */ = {isa = PBXBuildFile; fileRef = D0A83D3426538B2D00B9AF4E /* LaunchScreen.storyboard */; };
		D0D7337D28D0BF7C00BBD092 /* ViewController.swift in Sources */ = {isa = PBXBuildFile; fileRef = D0D7337C28D0BF7C00BBD092 /* ViewController.swift */; };
/* End PBXBuildFile section */

/* Begin PBXFileReference section */
		D0A83D2626538B2C00B9AF4E /* BlackAndYellow.app */ = {isa = PBXFileReference; explicitFileType = wrapper.application; includeInIndex = 0; path = BlackAndYellow.app; sourceTree = BUILT_PRODUCTS_DIR; };
		D0A83D2926538B2C00B9AF4E /* AppDelegate.swift */ = {isa = PBXFileReference; lastKnownFileType = sourcecode.swift; path = AppDelegate.swift; sourceTree = "<group>"; };
		D0A83D2B26538B2C00B9AF4E /* SceneDelegate.swift */ = {isa = PBXFileReference; lastKnownFileType = sourcecode.swift; path = SceneDelegate.swift; sourceTree = "<group>"; };
		D0A83D3026538B2C00B9AF4E /* Base */ = {isa = PBXFileReference; lastKnownFileType = file.storyboard; name = Base; path = Base.lproj/Main.storyboard; sourceTree = "<group>"; };
		D0A83D3226538B2D00B9AF4E /* Assets.xcassets */ = {isa = PBXFileReference; lastKnownFileType = folder.assetcatalog; path = Assets.xcassets; sourceTree = "<group>"; };
		D0A83D3526538B2D00B9AF4E /* Base */ = {isa = PBXFileReference; lastKnownFileType = file.storyboard; name = Base; path = Base.lproj/LaunchScreen.storyboard; sourceTree = "<group>"; };
		D0A83D3726538B2D00B9AF4E /* Info.plist */ = {isa = PBXFileReference; lastKnownFileType = text.plist.xml; path = Info.plist; sourceTree = "<group>"; };
		D0D7337C28D0BF7C00BBD092 /* ViewController.swift */ = {isa = PBXFileReference; lastKnownFileType = sourcecode.swift; path = ViewController.swift; sourceTree = "<group>"; };
/* End PBXFileReference section */

/* Begin PBXFrameworksBuildPhase section */
		D0A83D2326538B2C00B9AF4E /* Frameworks */ = {
			isa = PBXFrameworksBuildPhase;
			buildActionMask = 2147483647;
			files = (
			);
			runOnlyForDeploymentPostprocessing = 0;
		};
/* End PBXFrameworksBuildPhase section */

/* Begin PBXGroup section */
		D0A83D1D26538B2C00B9AF4E = {
			isa = PBXGroup;
			children = (
				D0A83D2826538B2C00B9AF4E /* BlackAndYellow */,
				D0A83D2726538B2C00B9AF4E /* Products */,
			);
			sourceTree = "<group>";
		};
		D0A83D2726538B2C00B9AF4E /* Products */ = {
			isa = PBXGroup;
			children = (
				D0A83D2626538B2C00B9AF4E /* BlackAndYellow.app */,
			);
			name = Products;
			sourceTree = "<group>";
		};
		D0A83D2826538B2C00B9AF4E /* BlackAndYellow */ = {
			isa = PBXGroup;
			children = (
				D0A83D2926538B2C00B9AF4E /* AppDelegate.swift */,
				D0A83D2B26538B2C00B9AF4E /* SceneDelegate.swift */,
				D0A83D2F26538B2C00B9AF4E /* Main.storyboard */,
				D0A83D3226538B2D00B9AF4E /* Assets.xcassets */,
				D0A83D3426538B2D00B9AF4E /* LaunchScreen.storyboard */,
				D0A83D3726538B2D00B9AF4E /* Info.plist */,
				D0D7337C28D0BF7C00BBD092 /* ViewController.swift */,
			);
			path = BlackAndYellow;
			sourceTree = "<group>";
		};
/* End PBXGroup section */

/* Begin PBXNativeTarget section */
		D0A83D2526538B2C00B9AF4E /* BlackAndYellow */ = {
			isa = PBXNativeTarget;
			buildConfigurationList = D0A83D3A26538B2D00B9AF4E /* Build configuration list for PBXNativeTarget "BlackAndYellow" */;
			buildPhases = (
				D0A83D2226538B2C00B9AF4E /* Sources */,
				D0A83D2326538B2C00B9AF4E /* Frameworks */,
				D0A83D2426538B2C00B9AF4E /* Resources */,
			);
			buildRules = (
			);
			dependencies = (
			);
			name = BlackAndYellow;
			productName = BlackAndYellow;
			productReference = D0A83D2626538B2C00B9AF4E /* BlackAndYellow.app */;
			productType = "com.apple.product-type.application";
		};
/* End PBXNativeTarget section */

/* Begin PBXProject section */
		D0A83D1E26538B2C00B9AF4E /* Project object */ = {
			isa = PBXProject;
			attributes = {
				LastSwiftUpdateCheck = 1250;
				LastUpgradeCheck = 1250;
				TargetAttributes = {
					D0A83D2526538B2C00B9AF4E = {
						CreatedOnToolsVersion = 12.5;
					};
				};
			};
			buildConfigurationList = D0A83D2126538B2C00B9AF4E /* Build configuration list for PBXProject "BlackAndYellow" */;
			compatibilityVersion = "Xcode 9.3";
			developmentRegion = en;
			hasScannedForEncodings = 0;
			knownRegions = (
				en,
				Base,
			);
			mainGroup = D0A83D1D26538B2C00B9AF4E;
			productRefGroup = D0A83D2726538B2C00B9AF4E /* Products */;
			projectDirPath = "";
			projectRoot = "";
			targets = (
				D0A83D2526538B2C00B9AF4E /* BlackAndYellow */,
			);
		};
/* End PBXProject section */

/* Begin PBXResourcesBuildPhase section */
		D0A83D2426538B2C00B9AF4E /* Resources */ = {
			isa = PBXResourcesBuildPhase;
			buildActionMask = 2147483647;
			files = (
				D0A83D3626538B2D00B9AF4E /* LaunchScreen.storyboard in Resources */,
				D0A83D3326538B2D00B9AF4E /* Assets.xcassets in Resources */,
				D0A83D3126538B2C00B9AF4E /* Main.storyboard in Resources */,
			);
			runOnlyForDeploymentPostprocessing = 0;
		};
/* End PBXResourcesBuildPhase section */

/* Begin PBXSourcesBuildPhase section */
		D0A83D2226538B2C00B9AF4E /* Sources */ = {
			isa = PBXSourcesBuildPhase;
			buildActionMask = 2147483647;
			files = (
				D0D7337D28D0BF7C00BBD092 /* ViewController.swift in Sources */,
				D0A83D2A26538B2C00B9AF4E /* AppDelegate.swift in Sources */,
				D0A83D2C26538B2C00B9AF4E /* SceneDelegate.swift in Sources */,
			);
			runOnlyForDeploymentPostprocessing = 0;
		};
/* End PBXSourcesBuildPhase section */

/* Begin PBXVariantGroup section */
		D0A83D2F26538B2C00B9AF4E /* Main.storyboard */ = {
			isa = PBXVariantGroup;
			children = (
				D0A83D3026538B2C00B9AF4E /* Base */,
			);
			name = Main.storyboard;
			sourceTree = "<group>";
		};
		D0A83D3426538B2D00B9AF4E /* LaunchScreen.storyboard */ = {
			isa = PBXVariantGroup;
			children = (
				D0A83D3526538B2D00B9AF4E /* Base */,
			);
			name = LaunchScreen.storyboard;
			sourceTree = "<group>";
		};
/* End PBXVariantGroup section */

/* Begin XCBuildConfiguration section */
		D0A83D3826538B2D00B9AF4E /* Debug */ = {
			isa = XCBuildConfiguration;
			buildSettings = {
				ALWAYS_SEARCH_USER_PATHS = NO;
				CLANG_ANALYZER_NONNULL = YES;
				CLANG_ANALYZER_NUMBER_OBJECT_CONVERSION = YES_AGGRESSIVE;
				CLANG_CXX_LANGUAGE_STANDARD = "gnu++14";
				CLANG_CXX_LIBRARY = "libc++";
				CLANG_ENABLE_MODULES = YES;
				CLANG_ENABLE_OBJC_ARC = YES;
				CLANG_ENABLE_OBJC_WEAK = YES;
				CLANG_WARN_BLOCK_CAPTURE_AUTORELEASING = YES;
				CLANG_WARN_BOOL_CONVERSION = YES;
				CLANG_WARN_COMMA = YES;
				CLANG_WARN_CONSTANT_CONVERSION = YES;
				CLANG_WARN_DEPRECATED_OBJC_IMPLEMENTATIONS = YES;
				CLANG_WARN_DIRECT_OBJC_ISA_USAGE = YES_ERROR;
				CLANG_WARN_DOCUMENTATION_COMMENTS = YES;
				CLANG_WARN_EMPTY_BODY = YES;
				CLANG_WARN_ENUM_CONVERSION = YES;
				CLANG_WARN_INFINITE_RECURSION = YES;
				CLANG_WARN_INT_CONVERSION = YES;
				CLANG_WARN_NON_LITERAL_NULL_CONVERSION = YES;
				CLANG_WARN_OBJC_IMPLICIT_RETAIN_SELF = YES;
				CLANG_WARN_OBJC_LITERAL_CONVERSION = YES;
				CLANG_WARN_OBJC_ROOT_CLASS = YES_ERROR;
				CLANG_WARN_QUOTED_INCLUDE_IN_FRAMEWORK_HEADER = YES;
				CLANG_WARN_RANGE_LOOP_ANALYSIS = YES;
				CLANG_WARN_STRICT_PROTOTYPES = YES;
				CLANG_WARN_SUSPICIOUS_MOVE = YES;
				CLANG_WARN_UNGUARDED_AVAILABILITY = YES_AGGRESSIVE;
				CLANG_WARN_UNREACHABLE_CODE = YES;
				CLANG_WARN__DUPLICATE_METHOD_MATCH = YES;
				COPY_PHASE_STRIP = NO;
				DEBUG_INFORMATION_FORMAT = dwarf;
				ENABLE_STRICT_OBJC_MSGSEND = YES;
				ENABLE_TESTABILITY = YES;
				GCC_C_LANGUAGE_STANDARD = gnu11;
				GCC_DYNAMIC_NO_PIC = NO;
				GCC_NO_COMMON_BLOCKS = YES;
				GCC_OPTIMIZATION_LEVEL = 0;
				GCC_PREPROCESSOR_DEFINITIONS = (
					"DEBUG=1",
					"$(inherited)",
				);
				GCC_WARN_64_TO_32_BIT_CONVERSION = YES;
				GCC_WARN_ABOUT_RETURN_TYPE = YES_ERROR;
				GCC_WARN_UNDECLARED_SELECTOR = YES;
				GCC_WARN_UNINITIALIZED_AUTOS = YES_AGGRESSIVE;
				GCC_WARN_UNUSED_FUNCTION = YES;
				GCC_WARN_UNUSED_VARIABLE = YES;
				IPHONEOS_DEPLOYMENT_TARGET = 14.5;
				MTL_ENABLE_DEBUG_INFO = INCLUDE_SOURCE;
				MTL_FAST_MATH = YES;
				ONLY_ACTIVE_ARCH = YES;
				SDKROOT = iphoneos;
				SWIFT_ACTIVE_COMPILATION_CONDITIONS = DEBUG;
				SWIFT_OPTIMIZATION_LEVEL = "-Onone";
			};
			name = Debug;
		};
		D0A83D3926538B2D00B9AF4E /* Release */ = {
			isa = XCBuildConfiguration;
			buildSettings = {
				ALWAYS_SEARCH_USER_PATHS = NO;
				CLANG_ANALYZER_NONNULL = YES;
				CLANG_ANALYZER_NUMBER_OBJECT_CONVERSION = YES_AGGRESSIVE;
				CLANG_CXX_LANGUAGE_STANDARD = "gnu++14";
				CLANG_CXX_LIBRARY = "libc++";
				CLANG_ENABLE_MODULES = YES;
				CLANG_ENABLE_OBJC_ARC = YES;
				CLANG_ENABLE_OBJC_WEAK = YES;
				CLANG_WARN_BLOCK_CAPTURE_AUTORELEASING = YES;
				CLANG_WARN_BOOL_CONVERSION = YES;
				CLANG_WARN_COMMA = YES;
				CLANG_WARN_CONSTANT_CONVERSION = YES;
				CLANG_WARN_DEPRECATED_OBJC_IMPLEMENTATIONS = YES;
				CLANG_WARN_DIRECT_OBJC_ISA_USAGE = YES_ERROR;
				CLANG_WARN_DOCUMENTATION_COMMENTS = YES;
				CLANG_WARN_EMPTY_BODY = YES;
				CLANG_WARN_ENUM_CONVERSION = YES;
				CLANG_WARN_INFINITE_RECURSION = YES;
				CLANG_WARN_INT_CONVERSION = YES;
				CLANG_WARN_NON_LITERAL_NULL_CONVERSION = YES;
				CLANG_WARN_OBJC_IMPLICIT_RETAIN_SELF = YES;
				CLANG_WARN_OBJC_LITERAL_CONVERSION = YES;
				CLANG_WARN_OBJC_ROOT_CLASS = YES_ERROR;
				CLANG_WARN_QUOTED_INCLUDE_IN_FRAMEWORK_HEADER = YES;
				CLANG_WARN_RANGE_LOOP_ANALYSIS = YES;
				CLANG_WARN_STRICT_PROTOTYPES = YES;
				CLANG_WARN_SUSPICIOUS_MOVE = YES;
				CLANG_WARN_UNGUARDED_AVAILABILITY = YES_AGGRESSIVE;
				CLANG_WARN_UNREACHABLE_CODE = YES;
				CLANG_WARN__DUPLICATE_METHOD_MATCH = YES;
				COPY_PHASE_STRIP = NO;
				DEBUG_INFORMATION_FORMAT = "dwarf-with-dsym";
				ENABLE_NS_ASSERTIONS = NO;
				ENABLE_STRICT_OBJC_MSGSEND = YES;
				GCC_C_LANGUAGE_STANDARD = gnu11;
				GCC_NO_COMMON_BLOCKS = YES;
				GCC_WARN_64_TO_32_BIT_CONVERSION = YES;
				GCC_WARN_ABOUT_RETURN_TYPE = YES_ERROR;
				GCC_WARN_UNDECLARED_SELECTOR = YES;
				GCC_WARN_UNINITIALIZED_AUTOS = YES_AGGRESSIVE;
				GCC_WARN_UNUSED_FUNCTION = YES;
				GCC_WARN_UNUSED_VARIABLE = YES;
				IPHONEOS_DEPLOYMENT_TARGET = 14.5;
				MTL_ENABLE_DEBUG_INFO = NO;
				MTL_FAST_MATH = YES;
				SDKROOT = iphoneos;
				SWIFT_COMPILATION_MODE = wholemodule;
				SWIFT_OPTIMIZATION_LEVEL = "-O";
				VALIDATE_PRODUCT = YES;
			};
			name = Release;
		};
		D0A83D3B26538B2D00B9AF4E /* Debug */ = {
			isa = XCBuildConfiguration;
			buildSettings = {
				ASSETCATALOG_COMPILER_APPICON_NAME = AppIcon;
				ASSETCATALOG_COMPILER_GLOBAL_ACCENT_COLOR_NAME = AccentColor;
				CODE_SIGN_STYLE = Automatic;
				DEVELOPMENT_TEAM = S23S59F53N;
				INFOPLIST_FILE = BlackAndYellow/Info.plist;
				LD_RUNPATH_SEARCH_PATHS = (
					"$(inherited)",
					"@executable_path/Frameworks",
				);
				PRODUCT_BUNDLE_IDENTIFIER = latypov.BlackAndYellow;
				PRODUCT_NAME = "$(TARGET_NAME)";
				SWIFT_VERSION = 5.0;
				TARGETED_DEVICE_FAMILY = "1,2";
			};
			name = Debug;
		};
		D0A83D3C26538B2D00B9AF4E /* Release */ = {
			isa = XCBuildConfiguration;
			buildSettings = {
				ASSETCATALOG_COMPILER_APPICON_NAME = AppIcon;
				ASSETCATALOG_COMPILER_GLOBAL_ACCENT_COLOR_NAME = AccentColor;
				CODE_SIGN_STYLE = Automatic;
				DEVELOPMENT_TEAM = S23S59F53N;
				INFOPLIST_FILE = BlackAndYellow/Info.plist;
				LD_RUNPATH_SEARCH_PATHS = (
					"$(inherited)",
					"@executable_path/Frameworks",
				);
				PRODUCT_BUNDLE_IDENTIFIER = latypov.BlackAndYellow;
				PRODUCT_NAME = "$(TARGET_NAME)";
				SWIFT_VERSION = 5.0;
				TARGETED_DEVICE_FAMILY = "1,2";
			};
			name = Release;
		};
/* End XCBuildConfiguration section */

/* Begin XCConfigurationList section */
		D0A83D2126538B2C00B9AF4E /* Build configuration list for PBXProject "BlackAndYellow" */ = {
			isa = XCConfigurationList;
			buildConfigurations = (
				D0A83D3826538B2D00B9AF4E /* Debug */,
				D0A83D3926538B2D00B9AF4E /* Release */,
			);
			defaultConfigurationIsVisible = 0;
			defaultConfigurationName = Release;
		};
		D0A83D3A26538B2D00B9AF4E /* Build configuration list for PBXNativeTarget "BlackAndYellow" */ = {
			isa = XCConfigurationList;
			buildConfigurations = (
				D0A83D3B26538B2D00B9AF4E /* Debug */,
				D0A83D3C26538B2D00B9AF4E /* Release */,
			);
			defaultConfigurationIsVisible = 0;
			defaultConfigurationName = Release;
		};
/* End XCConfigurationList section */
	};
	rootObject = D0A83D1E26538B2C00B9AF4E /* Project object */;
}
